
Microsoft Visual Studio Solution File, Format Version 12.00
# Visual Studio 15
VisualStudioVersion = 15.0.26730.16
MinimumVisualStudioVersion = 10.0.40219.1
Project("{FAE04EC0-301F-11D3-BF4B-00C04F79EFBC}") = "III便當店_NEW", "III便當店_NEW\III便當店_NEW.csproj", "{DDC42A76-7B4E-454C-86F1-DBE5CF485E8F}"
EndProject
Global
	GlobalSection(SolutionConfigurationPlatforms) = preSolution
		Debug|Any CPU = Debug|Any CPU
		Release|Any CPU = Release|Any CPU
	EndGlobalSection
	GlobalSection(ProjectConfigurationPlatforms) = postSolution
		{DDC42A76-7B4E-454C-86F1-DBE5CF485E8F}.Debug|Any CPU.ActiveCfg = Debug|Any CPU
		{DDC42A76-7B4E-454C-86F1-DBE5CF485E8F}.Debug|Any CPU.Build.0 = Debug|Any CPU
		{DDC42A76-7B4E-454C-86F1-DBE5CF485E8F}.Release|Any CPU.ActiveCfg = Release|Any CPU
		{DDC42A76-7B4E-454C-86F1-DBE5CF485E8F}.Release|Any CPU.Build.0 = Release|Any CPU
	EndGlobalSection
	GlobalSection(SolutionProperties) = preSolution
		HideSolutionNode = FALSE
	EndGlobalSection
	GlobalSection(ExtensibilityGlobals) = postSolution
		SolutionGuid = {69327874-B302-47CB-B93C-81180C963941}
	EndGlobalSection
EndGlobal
